
Microsoft Visual Studio Solution File, Format Version 12.00
# Visual Studio Version 16
VisualStudioVersion = 16.0.33214.272
MinimumVisualStudioVersion = 10.0.40219.1
Project("{FAE04EC0-301F-11D3-BF4B-00C04F79EFBC}") = "Likanica1", "Likanica1.csproj", "{A13688BC-F178-4473-AF6F-80123396E421}"
EndProject
Global
	GlobalSection(SolutionConfigurationPlatforms) = preSolution
		Debug|Any CPU = Debug|Any CPU
		Release|Any CPU = Release|Any CPU
	EndGlobalSection
	GlobalSection(ProjectConfigurationPlatforms) = postSolution
		{A13688BC-F178-4473-AF6F-80123396E421}.Debug|Any CPU.ActiveCfg = Debug|Any CPU
		{A13688BC-F178-4473-AF6F-80123396E421}.Debug|Any CPU.Build.0 = Debug|Any CPU
		{A13688BC-F178-4473-AF6F-80123396E421}.Release|Any CPU.ActiveCfg = Release|Any CPU
		{A13688BC-F178-4473-AF6F-80123396E421}.Release|Any CPU.Build.0 = Release|Any CPU
	EndGlobalSection
	GlobalSection(SolutionProperties) = preSolution
		HideSolutionNode = FALSE
	EndGlobalSection
	GlobalSection(ExtensibilityGlobals) = postSolution
		SolutionGuid = {08D69822-FE61-481C-9CFF-DF4B8971DC2F}
	EndGlobalSection
EndGlobal
